<?xml version="1.0" encoding="utf-8"?>
<Project ToolsVersion="4.0" xmlns="http://schemas.microsoft.com/developer/msbuild/2003">
  <ItemGroup>
    <Filter Include="Source Files">
      <UniqueIdentifier>{4FC737F1-C7A5-4376-A066-2A32D752A2FF}</UniqueIdentifier>
      <Extensions>cpp;c;cc;cxx;def;odl;idl;hpj;bat;asm;asmx</Extensions>
    </Filter>
    <Filter Include="Header Files">
      <UniqueIdentifier>{93995380-89BD-4b04-88EB-625FBE52EBFB}</UniqueIdentifier>
      <Extensions>h;hh;hpp;hxx;hm;inl;inc;xsd</Extensions>
    </Filter>
    <Filter Include="Resource Files">
      <UniqueIdentifier>{67DA6AB6-F800-4c08-8B7A-83BB121AAD01}</UniqueIdentifier>
      <Extensions>rc;ico;cur;bmp;dlg;rc2;rct;bin;rgs;gif;jpg;jpeg;jpe;resx;tiff;tif;png;wav;mfcribbon-ms</Extensions>
    </Filter>
  </ItemGroup>
  <ItemGroup>
    <ClInclude Include="GL\fgl.h">
      <Filter>Header Files</Filter>
    </ClInclude>
    <ClInclude Include="GL\fglu.h">
      <Filter>Header Files</Filter>
    </ClInclude>
    <ClInclude Include="GL\fglut.h">
      <Filter>Header Files</Filter>
    </ClInclude>
    <ClInclude Include="GL\glsmap.h">
      <Filter>Header Files</Filter>
    </ClInclude>
    <ClInclude Include="GL\glut.h">
      <Filter>Header Files</Filter>
    </ClInclude>
    <ClInclude Include="GL\tube.h">
      <Filter>Header Files</Filter>
    </ClInclude>
    <ClInclude Include="TinyXML\tinystr.h">
      <Filter>Header Files</Filter>
    </ClInclude>
    <ClInclude Include="TinyXML\tinyxml.h">
      <Filter>Header Files</Filter>
    </ClInclude>
    <ClInclude Include="cyMatrix\cyMatrix2.h">
      <Filter>Header Files</Filter>
    </ClInclude>
    <ClInclude Include="cyMatrix\cyMatrix3.h">
      <Filter>Header Files</Filter>
    </ClInclude>
    <ClInclude Include="cyMatrix\cyMatrix4.h">
      <Filter>Header Files</Filter>
    </ClInclude>
    <ClInclude Include="cyPoint\cyPoint.h">
      <Filter>Header Files</Filter>
    </ClInclude>
    <ClInclude Include="Objects.h">
      <Filter>Header Files</Filter>
    </ClInclude>
    <ClInclude Include="viewport.h">
      <Filter>Header Files</Filter>
    </ClInclude>
    <ClInclude Include="xmlload.h">
      <Filter>Header Files</Filter>
    </ClInclude>
    <ClInclude Include="scene.h">
      <Filter>Header Files</Filter>
    </ClInclude>
    <ClInclude Include="cyColor\cyColor.h">
      <Filter>Header Files</Filter>
    </ClInclude>
    <ClInclude Include="lights.h">
      <Filter>Header Files</Filter>
    </ClInclude>
    <ClInclude Include="materials.h">
      <Filter>Header Files</Filter>
    </ClInclude>
  </ItemGroup>
  <ItemGroup>
    <ClCompile Include="TinyXML\tinystr.cpp">
      <Filter>Header Files</Filter>
    </ClCompile>
    <ClCompile Include="TinyXML\tinyxml.cpp">
      <Filter>Header Files</Filter>
    </ClCompile>
    <ClCompile Include="TinyXML\tinyxmlerror.cpp">
      <Filter>Header Files</Filter>
    </ClCompile>
    <ClCompile Include="TinyXML\tinyxmlparser.cpp">
      <Filter>Header Files</Filter>
    </ClCompile>
    <ClCompile Include="main.cpp">
      <Filter>Source Files</Filter>
    </ClCompile>
    <ClCompile Include="Objects.cpp">
      <Filter>Source Files</Filter>
    </ClCompile>
    <ClCompile Include="viewport.cpp">
      <Filter>Source Files</Filter>
    </ClCompile>
    <ClCompile Include="xmlload.cpp">
      <Filter>Source Files</Filter>
    </ClCompile>
  </ItemGroup>
  <ItemGroup>
    <Xml Include="tracer.xml">
      <Filter>Header Files</Filter>
    </Xml>
  </ItemGroup>
</Project>